PODS:
  - CryptoSwift (1.10.0)
  - DifferenceKit (1.3.0):
    - DifferenceKit/Core (= 1.3.0)
    - DifferenceKit/UIKitExtension (= 1.3.0)
  - DifferenceKit/Core (1.3.0)
  - DifferenceKit/UIKitExtension (1.3.0):
    - DifferenceKit/Core
  - Flutter (1.0.0)
  - flutter_readium (0.0.1):
    - Flutter
    - ReadiumNavigator (~> 3.11.0)
    - ReadiumOPDS (~> 3.11.0)
    - ReadiumShared (~> 3.11.0)
    - ReadiumStreamer (~> 3.11.0)
  - integration_test (0.0.1):
    - Flutter
  - Minizip (1.0.0)
  - package_info_plus (0.4.5):
    - Flutter
  - pointer_interceptor_ios (0.0.1):
    - Flutter
  - ReadiumFuzi (4.0.0)
  - ReadiumInternal (3.11.0)
  - ReadiumNavigator (3.11.0):
    - DifferenceKit (~> 1.0)
    - ReadiumInternal (~> 3.11.0)
    - ReadiumShared (~> 3.11.0)
    - SwiftSoup (~> 2.11.0)
  - ReadiumOPDS (3.11.0):
    - ReadiumFuzi (~> 4.0.0)
    - ReadiumInternal (~> 3.11.0)
    - ReadiumShared (~> 3.11.0)
  - ReadiumShared (3.11.0):
    - Minizip (~> 1.0.0)
    - ReadiumFuzi (~> 4.0.0)
    - ReadiumInternal (~> 3.11.0)
    - ReadiumZIPFoundation (~> 3.0.1)
    - SwiftSoup (~> 2.11.0)
  - ReadiumStreamer (3.11.0):
    - CryptoSwift (~> 1.10.0)
    - ReadiumFuzi (~> 4.0.0)
    - ReadiumInternal (~> 3.11.0)
    - ReadiumShared (~> 3.11.0)
  - ReadiumZIPFoundation (3.0.1)
  - SwiftSoup (2.11.3)
  - wakelock_plus (0.0.1):
    - Flutter

DEPENDENCIES:
  - Flutter (from `Flutter`)
  - flutter_readium (from `.symlinks/plugins/flutter_readium/ios`)
  - integration_test (from `.symlinks/plugins/integration_test/ios`)
  - package_info_plus (from `.symlinks/plugins/package_info_plus/ios`)
  - pointer_interceptor_ios (from `.symlinks/plugins/pointer_interceptor_ios/ios`)
  - ReadiumInternal (~> 3.11.0)
  - ReadiumNavigator (~> 3.11.0)
  - ReadiumOPDS (~> 3.11.0)
  - ReadiumShared (~> 3.11.0)
  - ReadiumStreamer (~> 3.11.0)
  - wakelock_plus (from `.symlinks/plugins/wakelock_plus/ios`)

SPEC REPOS:
  https://github.com/readium/podspecs:
    - ReadiumFuzi
    - ReadiumInternal
    - ReadiumNavigator
    - ReadiumOPDS
    - ReadiumShared
    - ReadiumStreamer
    - ReadiumZIPFoundation
  trunk:
    - CryptoSwift
    - DifferenceKit
    - Minizip
    - SwiftSoup

EXTERNAL SOURCES:
  Flutter:
    :path: Flutter
  flutter_readium:
    :path: ".symlinks/plugins/flutter_readium/ios"
  integration_test:
    :path: ".symlinks/plugins/integration_test/ios"
  package_info_plus:
    :path: ".symlinks/plugins/package_info_plus/ios"
  pointer_interceptor_ios:
    :path: ".symlinks/plugins/pointer_interceptor_ios/ios"
  wakelock_plus:
    :path: ".symlinks/plugins/wakelock_plus/ios"

SPEC CHECKSUMS:
  CryptoSwift: e2e7776512f250e66205955da748e7a4e4abffe0
  DifferenceKit: ab185c4d7f9cef8af3fcf593e5b387fb81e999ca
  Flutter: cabc95a1d2626b1b06e7179b784ebcf0c0cde467
  flutter_readium: a4b23fa14c9f8a0c3c903119b3244810b2d1e837
  integration_test: 4a889634ef21a45d28d50d622cf412dc6d9f586e
  Minizip: 188cb3e39a1195c283ae03bf673d182596fefd0b
  package_info_plus: af8e2ca6888548050f16fa2f1938db7b5a5df499
  pointer_interceptor_ios: da06a662d5bfd329602b45b2ab41bc0fb5fdb0f0
  ReadiumFuzi: fb19b82ff8f089b27c735c216c877666cd84d70f
  ReadiumInternal: 98d4abbdc4061946b4aa7b1edd4b8a0596b8dab4
  ReadiumNavigator: 35ff2a44cd012f04bab7221bdf3b684003e0b549
  ReadiumOPDS: ed24434a6f13f4c1197602c3d5666c33c26980cd
  ReadiumShared: 3c7ab177aeb917cd4bc3543db908a1ca0db7ea4b
  ReadiumStreamer: 2bd80a6825ab623dc06a578eb629c54714fa3d67
  ReadiumZIPFoundation: 4009f635ebc718cc113a388ecb33c773f00639ca
  SwiftSoup: 959c9ac70d7053fbf476341bfac90ab228523f2a
  wakelock_plus: e29112ab3ef0b318e58cfa5c32326458be66b556

PODFILE CHECKSUM: c4906ba94e31390c41a115760de24db9cfc2379e

COCOAPODS: 1.16.2
